github.com/google/uuid v1.6.0 h1:NIvaJDMOsjHA8n1jAhLSgzrAzy1Hgr+hNrb57e+94F0=
github.com/google/uuid v1.6.0/go.mod h1:TIyPZe4MgqvfeYDBFedMoGGpEw/LqOeaOT+nhxU+yHo=
github.com/karincake/dodol v0.1.0-b h1:xy8dmhoZ9feSsdGkeqOs1bx6LKhzRWfcZN6hdrHZcHc=
github.com/karincake/dodol v0.1.0-b/go.mod h1:2f1NcvkvY0J3GMUkwILNDYVvRUpz0W3lpPp/Ha/Ld24=
github.com/karincake/lepet v0.0.1 h1:eq/cwn5BBg0jWZ1c/MmvhFIBma0zBpVs2LwkfDOncy4=
github.com/karincake/lepet v0.0.1/go.mod h1:U84w7olXO3BPJw2Hu6MBonFmJmPKaFjtyAj1HTu3z1A=
github.com/karincake/semprit v0.0.3 h1:znleGRu73xrHk6a70+jRQgVh9VF3TAhttQz6vfgNdyM=
github.com/karincake/semprit v0.0.3/go.mod h1:nLtNmWlHkxMKG0IMzqnnfkn1L/RVYGXVW3LchfYQMu8=
github.com/karincake/serabi v0.1.0-b h1:veiKqER8TCh0/tLXWJRlyJ3U+T/0sgoeeSrFYewQ090=
github.com/karincake/serabi v0.1.0-b/go.mod h1:OpgnZjNcBG1LCmzVMyZ1sgnou43i8JlpgAWIgSQlYDs=
golang.org/x/exp v0.0.0-20240613232115-7f521ea00fb8 h1:yixxcjnhBmY0nkL253HFVIm0JsFHwrHdT3Yh6szTnfY=
golang.org/x/exp v0.0.0-20240613232115-7f521ea00fb8/go.mod h1:jj3sYF3dwk5D+ghuXyeI3r5MFf+NT2An6/9dOA95KSI=
